
Microsoft Visual Studio Solution File, Format Version 12.00
# Visual Studio Version 17
VisualStudioVersion = 17.5.33414.496
MinimumVisualStudioVersion = 10.0.40219.1
Project("{FAE04EC0-301F-11D3-BF4B-00C04F79EFBC}") = "Задание 2", "Задание 2\Задание 2.csproj", "{27AA33FC-FFEB-45A9-A740-E5DE630EADFA}"
EndProject
Global
	GlobalSection(SolutionConfigurationPlatforms) = preSolution
		Debug|Any CPU = Debug|Any CPU
		Release|Any CPU = Release|Any CPU
	EndGlobalSection
	GlobalSection(ProjectConfigurationPlatforms) = postSolution
		{27AA33FC-FFEB-45A9-A740-E5DE630EADFA}.Debug|Any CPU.ActiveCfg = Debug|Any CPU
		{27AA33FC-FFEB-45A9-A740-E5DE630EADFA}.Debug|Any CPU.Build.0 = Debug|Any CPU
		{27AA33FC-FFEB-45A9-A740-E5DE630EADFA}.Release|Any CPU.ActiveCfg = Release|Any CPU
		{27AA33FC-FFEB-45A9-A740-E5DE630EADFA}.Release|Any CPU.Build.0 = Release|Any CPU
	EndGlobalSection
	GlobalSection(SolutionProperties) = preSolution
		HideSolutionNode = FALSE
	EndGlobalSection
	GlobalSection(ExtensibilityGlobals) = postSolution
		SolutionGuid = {3D190D99-5C6C-4998-8754-1064FB12327F}
	EndGlobalSection
EndGlobal
